// !$*UTF8*$!
{
	archiveVersion = 1;
	classes = {
	};
	objectVersion = 56;
	objects = {

/* Begin PBXBuildFile section */
		B241B5712967086F00E45D5E /* AppDelegate.swift in Sources */ = {isa = PBXBuildFile; fileRef = B241B5702967086F00E45D5E /* AppDelegate.swift */; };
		B241B57A2967087000E45D5E /* Assets.xcassets in Resources */ = {isa = PBXBuildFile; fileRef = B241B5792967087000E45D5E /* Assets.xcassets */; };
		B241B57D2967087000E45D5E /* LaunchScreen.storyboard in Resources */ = {isa = PBXBuildFile; fileRef = B241B57B2967087000E45D5E /* LaunchScreen.storyboard */; };
		B241B58B29670FBC00E45D5E /* Resources.swift in Sources */ = {isa = PBXBuildFile; fileRef = B241B58A29670FBC00E45D5E /* Resources.swift */; };
		B241B58E2967125400E45D5E /* MainTableViewCell.swift in Sources */ = {isa = PBXBuildFile; fileRef = B241B58D2967125400E45D5E /* MainTableViewCell.swift */; };
		B241B5932967159900E45D5E /* UIView + Extensions.swift in Sources */ = {isa = PBXBuildFile; fileRef = B241B5922967159800E45D5E /* UIView + Extensions.swift */; };
		B241B59929683B4300E45D5E /* MainTableViewController.swift in Sources */ = {isa = PBXBuildFile; fileRef = B241B59829683B4300E45D5E /* MainTableViewController.swift */; };
		B241B59B29683BC700E45D5E /* EditingViewController.swift in Sources */ = {isa = PBXBuildFile; fileRef = B241B59A29683BC700E45D5E /* EditingViewController.swift */; };
		B2ABB8B1296865D8005E513C /* TextViewTableViewCell.swift in Sources */ = {isa = PBXBuildFile; fileRef = B2ABB8B0296865D8005E513C /* TextViewTableViewCell.swift */; };
		B2ABB8B329686771005E513C /* NameTextView.swift in Sources */ = {isa = PBXBuildFile; fileRef = B2ABB8B229686771005E513C /* NameTextView.swift */; };
		B2ABB8B5296998D0005E513C /* DatePickerTableViewCell.swift in Sources */ = {isa = PBXBuildFile; fileRef = B2ABB8B4296998D0005E513C /* DatePickerTableViewCell.swift */; };
		B2ABB8D7296C6CA5005E513C /* PickerViewTableViewCell.swift in Sources */ = {isa = PBXBuildFile; fileRef = B2ABB8D6296C6CA5005E513C /* PickerViewTableViewCell.swift */; };
		B2ABB8D9296C6F57005E513C /* GenderPickerView.swift in Sources */ = {isa = PBXBuildFile; fileRef = B2ABB8D8296C6F57005E513C /* GenderPickerView.swift */; };
		B2ABB8DB296C72FD005E513C /* GenderTextField.swift in Sources */ = {isa = PBXBuildFile; fileRef = B2ABB8DA296C72FD005E513C /* GenderTextField.swift */; };
		B2ABB8DD296D7A99005E513C /* EditingTableView.swift in Sources */ = {isa = PBXBuildFile; fileRef = B2ABB8DC296D7A99005E513C /* EditingTableView.swift */; };
		B2ABB8E0296D817C005E513C /* UserModel.swift in Sources */ = {isa = PBXBuildFile; fileRef = B2ABB8DF296D817C005E513C /* UserModel.swift */; };
		B2ABB8E3296D8385005E513C /* UserDefaultsHelper.swift in Sources */ = {isa = PBXBuildFile; fileRef = B2ABB8E2296D8385005E513C /* UserDefaultsHelper.swift */; };
/* End PBXBuildFile section */

/* Begin PBXFileReference section */
		B241B56D2967086F00E45D5E /* FieldsTestTask.app */ = {isa = PBXFileReference; explicitFileType = wrapper.application; includeInIndex = 0; path = FieldsTestTask.app; sourceTree = BUILT_PRODUCTS_DIR; };
		B241B5702967086F00E45D5E /* AppDelegate.swift */ = {isa = PBXFileReference; lastKnownFileType = sourcecode.swift; path = AppDelegate.swift; sourceTree = "<group>"; };
		B241B5792967087000E45D5E /* Assets.xcassets */ = {isa = PBXFileReference; lastKnownFileType = folder.assetcatalog; path = Assets.xcassets; sourceTree = "<group>"; };
		B241B57C2967087000E45D5E /* Base */ = {isa = PBXFileReference; lastKnownFileType = file.storyboard; name = Base; path = Base.lproj/LaunchScreen.storyboard; sourceTree = "<group>"; };
		B241B57E2967087000E45D5E /* Info.plist */ = {isa = PBXFileReference; lastKnownFileType = text.plist.xml; path = Info.plist; sourceTree = "<group>"; };
		B241B58A29670FBC00E45D5E /* Resources.swift */ = {isa = PBXFileReference; lastKnownFileType = sourcecode.swift; path = Resources.swift; sourceTree = "<group>"; };
		B241B58D2967125400E45D5E /* MainTableViewCell.swift */ = {isa = PBXFileReference; lastKnownFileType = sourcecode.swift; path = MainTableViewCell.swift; sourceTree = "<group>"; };
		B241B5922967159800E45D5E /* UIView + Extensions.swift */ = {isa = PBXFileReference; lastKnownFileType = sourcecode.swift; path = "UIView + Extensions.swift"; sourceTree = "<group>"; };
		B241B59829683B4300E45D5E /* MainTableViewController.swift */ = {isa = PBXFileReference; lastKnownFileType = sourcecode.swift; path = MainTableViewController.swift; sourceTree = "<group>"; };
		B241B59A29683BC700E45D5E /* EditingViewController.swift */ = {isa = PBXFileReference; lastKnownFileType = sourcecode.swift; path = EditingViewController.swift; sourceTree = "<group>"; };
		B2ABB8B0296865D8005E513C /* TextViewTableViewCell.swift */ = {isa = PBXFileReference; lastKnownFileType = sourcecode.swift; path = TextViewTableViewCell.swift; sourceTree = "<group>"; };
		B2ABB8B229686771005E513C /* NameTextView.swift */ = {isa = PBXFileReference; lastKnownFileType = sourcecode.swift; path = NameTextView.swift; sourceTree = "<group>"; };
		B2ABB8B4296998D0005E513C /* DatePickerTableViewCell.swift */ = {isa = PBXFileReference; lastKnownFileType = sourcecode.swift; path = DatePickerTableViewCell.swift; sourceTree = "<group>"; };
		B2ABB8D6296C6CA5005E513C /* PickerViewTableViewCell.swift */ = {isa = PBXFileReference; lastKnownFileType = sourcecode.swift; path = PickerViewTableViewCell.swift; sourceTree = "<group>"; };
		B2ABB8D8296C6F57005E513C /* GenderPickerView.swift */ = {isa = PBXFileReference; lastKnownFileType = sourcecode.swift; path = GenderPickerView.swift; sourceTree = "<group>"; };
		B2ABB8DA296C72FD005E513C /* GenderTextField.swift */ = {isa = PBXFileReference; lastKnownFileType = sourcecode.swift; path = GenderTextField.swift; sourceTree = "<group>"; };
		B2ABB8DC296D7A99005E513C /* EditingTableView.swift */ = {isa = PBXFileReference; lastKnownFileType = sourcecode.swift; path = EditingTableView.swift; sourceTree = "<group>"; };
		B2ABB8DF296D817C005E513C /* UserModel.swift */ = {isa = PBXFileReference; lastKnownFileType = sourcecode.swift; path = UserModel.swift; sourceTree = "<group>"; };
		B2ABB8E2296D8385005E513C /* UserDefaultsHelper.swift */ = {isa = PBXFileReference; lastKnownFileType = sourcecode.swift; path = UserDefaultsHelper.swift; sourceTree = "<group>"; };
/* End PBXFileReference section */

/* Begin PBXFrameworksBuildPhase section */
		B241B56A2967086F00E45D5E /* Frameworks */ = {
			isa = PBXFrameworksBuildPhase;
			buildActionMask = 2147483647;
			files = (
			);
			runOnlyForDeploymentPostprocessing = 0;
		};
/* End PBXFrameworksBuildPhase section */

/* Begin PBXGroup section */
		B241B5642967086F00E45D5E = {
			isa = PBXGroup;
			children = (
				B241B56F2967086F00E45D5E /* FieldsTestTask */,
				B241B56E2967086F00E45D5E /* Products */,
			);
			sourceTree = "<group>";
		};
		B241B56E2967086F00E45D5E /* Products */ = {
			isa = PBXGroup;
			children = (
				B241B56D2967086F00E45D5E /* FieldsTestTask.app */,
			);
			name = Products;
			sourceTree = "<group>";
		};
		B241B56F2967086F00E45D5E /* FieldsTestTask */ = {
			isa = PBXGroup;
			children = (
				B2ABB8E1296D8356005E513C /* Services */,
				B241B5942968381000E45D5E /* EditingModule */,
				B241B5902967152B00E45D5E /* Extensions */,
				B241B58929670F9700E45D5E /* Resources  */,
				B241B58429670AAD00E45D5E /* Application */,
				B241B58729670B8700E45D5E /* MainModule */,
				B241B58529670ACB00E45D5E /* SupportingFiles */,
			);
			path = FieldsTestTask;
			sourceTree = "<group>";
		};
		B241B58429670AAD00E45D5E /* Application */ = {
			isa = PBXGroup;
			children = (
				B241B5702967086F00E45D5E /* AppDelegate.swift */,
			);
			path = Application;
			sourceTree = "<group>";
		};
		B241B58529670ACB00E45D5E /* SupportingFiles */ = {
			isa = PBXGroup;
			children = (
				B241B57B2967087000E45D5E /* LaunchScreen.storyboard */,
				B241B57E2967087000E45D5E /* Info.plist */,
				B241B5792967087000E45D5E /* Assets.xcassets */,
			);
			path = SupportingFiles;
			sourceTree = "<group>";
		};
		B241B58729670B8700E45D5E /* MainModule */ = {
			isa = PBXGroup;
			children = (
				B2ABB8DE296D815C005E513C /* Models */,
				B241B58C2967123300E45D5E /* Views */,
				B241B58829670B9D00E45D5E /* Controllers */,
			);
			path = MainModule;
			sourceTree = "<group>";
		};
		B241B58829670B9D00E45D5E /* Controllers */ = {
			isa = PBXGroup;
			children = (
				B241B59829683B4300E45D5E /* MainTableViewController.swift */,
			);
			path = Controllers;
			sourceTree = "<group>";
		};
		B241B58929670F9700E45D5E /* Resources  */ = {
			isa = PBXGroup;
			children = (
				B241B58A29670FBC00E45D5E /* Resources.swift */,
			);
			path = "Resources ";
			sourceTree = "<group>";
		};
		B241B58C2967123300E45D5E /* Views */ = {
			isa = PBXGroup;
			children = (
				B241B58D2967125400E45D5E /* MainTableViewCell.swift */,
			);
			path = Views;
			sourceTree = "<group>";
		};
		B241B5902967152B00E45D5E /* Extensions */ = {
			isa = PBXGroup;
			children = (
				B241B5912967156800E45D5E /* UIKit */,
			);
			path = Extensions;
			sourceTree = "<group>";
		};
		B241B5912967156800E45D5E /* UIKit */ = {
			isa = PBXGroup;
			children = (
				B241B5922967159800E45D5E /* UIView + Extensions.swift */,
			);
			path = UIKit;
			sourceTree = "<group>";
		};
		B241B5942968381000E45D5E /* EditingModule */ = {
			isa = PBXGroup;
			children = (
				B2ABB8AE2968659B005E513C /* Views */,
				B241B5952968382900E45D5E /* Controllers */,
			);
			path = EditingModule;
			sourceTree = "<group>";
		};
		B241B5952968382900E45D5E /* Controllers */ = {
			isa = PBXGroup;
			children = (
				B241B59A29683BC700E45D5E /* EditingViewController.swift */,
			);
			path = Controllers;
			sourceTree = "<group>";
		};
		B2ABB8AE2968659B005E513C /* Views */ = {
			isa = PBXGroup;
			children = (
				B2ABB8AF296865AE005E513C /* Cells */,
				B2ABB8B229686771005E513C /* NameTextView.swift */,
				B2ABB8D8296C6F57005E513C /* GenderPickerView.swift */,
				B2ABB8DA296C72FD005E513C /* GenderTextField.swift */,
			);
			path = Views;
			sourceTree = "<group>";
		};
		B2ABB8AF296865AE005E513C /* Cells */ = {
			isa = PBXGroup;
			children = (
				B2ABB8B0296865D8005E513C /* TextViewTableViewCell.swift */,
				B2ABB8B4296998D0005E513C /* DatePickerTableViewCell.swift */,
				B2ABB8D6296C6CA5005E513C /* PickerViewTableViewCell.swift */,
				B2ABB8DC296D7A99005E513C /* EditingTableView.swift */,
			);
			path = Cells;
			sourceTree = "<group>";
		};
		B2ABB8DE296D815C005E513C /* Models */ = {
			isa = PBXGroup;
			children = (
				B2ABB8DF296D817C005E513C /* UserModel.swift */,
			);
			path = Models;
			sourceTree = "<group>";
		};
		B2ABB8E1296D8356005E513C /* Services */ = {
			isa = PBXGroup;
			children = (
				B2ABB8E2296D8385005E513C /* UserDefaultsHelper.swift */,
			);
			path = Services;
			sourceTree = "<group>";
		};
/* End PBXGroup section */

/* Begin PBXNativeTarget section */
		B241B56C2967086F00E45D5E /* FieldsTestTask */ = {
			isa = PBXNativeTarget;
			buildConfigurationList = B241B5812967087000E45D5E /* Build configuration list for PBXNativeTarget "FieldsTestTask" */;
			buildPhases = (
				B241B5692967086F00E45D5E /* Sources */,
				B241B56A2967086F00E45D5E /* Frameworks */,
				B241B56B2967086F00E45D5E /* Resources */,
			);
			buildRules = (
			);
			dependencies = (
			);
			name = FieldsTestTask;
			productName = FieldsTestTask;
			productReference = B241B56D2967086F00E45D5E /* FieldsTestTask.app */;
			productType = "com.apple.product-type.application";
		};
/* End PBXNativeTarget section */

/* Begin PBXProject section */
		B241B5652967086F00E45D5E /* Project object */ = {
			isa = PBXProject;
			attributes = {
				BuildIndependentTargetsInParallel = 1;
				LastSwiftUpdateCheck = 1420;
				LastUpgradeCheck = 1420;
				TargetAttributes = {
					B241B56C2967086F00E45D5E = {
						CreatedOnToolsVersion = 14.2;
					};
				};
			};
			buildConfigurationList = B241B5682967086F00E45D5E /* Build configuration list for PBXProject "FieldsTestTask" */;
			compatibilityVersion = "Xcode 14.0";
			developmentRegion = en;
			hasScannedForEncodings = 0;
			knownRegions = (
				en,
				Base,
			);
			mainGroup = B241B5642967086F00E45D5E;
			productRefGroup = B241B56E2967086F00E45D5E /* Products */;
			projectDirPath = "";
			projectRoot = "";
			targets = (
				B241B56C2967086F00E45D5E /* FieldsTestTask */,
			);
		};
/* End PBXProject section */

/* Begin PBXResourcesBuildPhase section */
		B241B56B2967086F00E45D5E /* Resources */ = {
			isa = PBXResourcesBuildPhase;
			buildActionMask = 2147483647;
			files = (
				B241B57D2967087000E45D5E /* LaunchScreen.storyboard in Resources */,
				B241B57A2967087000E45D5E /* Assets.xcassets in Resources */,
			);
			runOnlyForDeploymentPostprocessing = 0;
		};
/* End PBXResourcesBuildPhase section */

/* Begin PBXSourcesBuildPhase section */
		B241B5692967086F00E45D5E /* Sources */ = {
			isa = PBXSourcesBuildPhase;
			buildActionMask = 2147483647;
			files = (
				B2ABB8E3296D8385005E513C /* UserDefaultsHelper.swift in Sources */,
				B241B5932967159900E45D5E /* UIView + Extensions.swift in Sources */,
				B241B58B29670FBC00E45D5E /* Resources.swift in Sources */,
				B241B59B29683BC700E45D5E /* EditingViewController.swift in Sources */,
				B241B58E2967125400E45D5E /* MainTableViewCell.swift in Sources */,
				B241B5712967086F00E45D5E /* AppDelegate.swift in Sources */,
				B2ABB8B1296865D8005E513C /* TextViewTableViewCell.swift in Sources */,
				B2ABB8D7296C6CA5005E513C /* PickerViewTableViewCell.swift in Sources */,
				B2ABB8B329686771005E513C /* NameTextView.swift in Sources */,
				B2ABB8E0296D817C005E513C /* UserModel.swift in Sources */,
				B241B59929683B4300E45D5E /* MainTableViewController.swift in Sources */,
				B2ABB8DD296D7A99005E513C /* EditingTableView.swift in Sources */,
				B2ABB8B5296998D0005E513C /* DatePickerTableViewCell.swift in Sources */,
				B2ABB8DB296C72FD005E513C /* GenderTextField.swift in Sources */,
				B2ABB8D9296C6F57005E513C /* GenderPickerView.swift in Sources */,
			);
			runOnlyForDeploymentPostprocessing = 0;
		};
/* End PBXSourcesBuildPhase section */

/* Begin PBXVariantGroup section */
		B241B57B2967087000E45D5E /* LaunchScreen.storyboard */ = {
			isa = PBXVariantGroup;
			children = (
				B241B57C2967087000E45D5E /* Base */,
			);
			name = LaunchScreen.storyboard;
			sourceTree = "<group>";
		};
/* End PBXVariantGroup section */

/* Begin XCBuildConfiguration section */
		B241B57F2967087000E45D5E /* Debug */ = {
			isa = XCBuildConfiguration;
			buildSettings = {
				ALWAYS_SEARCH_USER_PATHS = NO;
				CLANG_ANALYZER_NONNULL = YES;
				CLANG_ANALYZER_NUMBER_OBJECT_CONVERSION = YES_AGGRESSIVE;
				CLANG_CXX_LANGUAGE_STANDARD = "gnu++20";
				CLANG_ENABLE_MODULES = YES;
				CLANG_ENABLE_OBJC_ARC = YES;
				CLANG_ENABLE_OBJC_WEAK = YES;
				CLANG_WARN_BLOCK_CAPTURE_AUTORELEASING = YES;
				CLANG_WARN_BOOL_CONVERSION = YES;
				CLANG_WARN_COMMA = YES;
				CLANG_WARN_CONSTANT_CONVERSION = YES;
				CLANG_WARN_DEPRECATED_OBJC_IMPLEMENTATIONS = YES;
				CLANG_WARN_DIRECT_OBJC_ISA_USAGE = YES_ERROR;
				CLANG_WARN_DOCUMENTATION_COMMENTS = YES;
				CLANG_WARN_EMPTY_BODY = YES;
				CLANG_WARN_ENUM_CONVERSION = YES;
				CLANG_WARN_INFINITE_RECURSION = YES;
				CLANG_WARN_INT_CONVERSION = YES;
				CLANG_WARN_NON_LITERAL_NULL_CONVERSION = YES;
				CLANG_WARN_OBJC_IMPLICIT_RETAIN_SELF = YES;
				CLANG_WARN_OBJC_LITERAL_CONVERSION = YES;
				CLANG_WARN_OBJC_ROOT_CLASS = YES_ERROR;
				CLANG_WARN_QUOTED_INCLUDE_IN_FRAMEWORK_HEADER = YES;
				CLANG_WARN_RANGE_LOOP_ANALYSIS = YES;
				CLANG_WARN_STRICT_PROTOTYPES = YES;
				CLANG_WARN_SUSPICIOUS_MOVE = YES;
				CLANG_WARN_UNGUARDED_AVAILABILITY = YES_AGGRESSIVE;
				CLANG_WARN_UNREACHABLE_CODE = YES;
				CLANG_WARN__DUPLICATE_METHOD_MATCH = YES;
				COPY_PHASE_STRIP = NO;
				DEBUG_INFORMATION_FORMAT = dwarf;
				ENABLE_STRICT_OBJC_MSGSEND = YES;
				ENABLE_TESTABILITY = YES;
				GCC_C_LANGUAGE_STANDARD = gnu11;
				GCC_DYNAMIC_NO_PIC = NO;
				GCC_NO_COMMON_BLOCKS = YES;
				GCC_OPTIMIZATION_LEVEL = 0;
				GCC_PREPROCESSOR_DEFINITIONS = (
					"DEBUG=1",
					"$(inherited)",
				);
				GCC_WARN_64_TO_32_BIT_CONVERSION = YES;
				GCC_WARN_ABOUT_RETURN_TYPE = YES_ERROR;
				GCC_WARN_UNDECLARED_SELECTOR = YES;
				GCC_WARN_UNINITIALIZED_AUTOS = YES_AGGRESSIVE;
				GCC_WARN_UNUSED_FUNCTION = YES;
				GCC_WARN_UNUSED_VARIABLE = YES;
				IPHONEOS_DEPLOYMENT_TARGET = 12.0;
				MTL_ENABLE_DEBUG_INFO = INCLUDE_SOURCE;
				MTL_FAST_MATH = YES;
				ONLY_ACTIVE_ARCH = YES;
				SDKROOT = iphoneos;
				SWIFT_ACTIVE_COMPILATION_CONDITIONS = DEBUG;
				SWIFT_OPTIMIZATION_LEVEL = "-Onone";
			};
			name = Debug;
		};
		B241B5802967087000E45D5E /* Release */ = {
			isa = XCBuildConfiguration;
			buildSettings = {
				ALWAYS_SEARCH_USER_PATHS = NO;
				CLANG_ANALYZER_NONNULL = YES;
				CLANG_ANALYZER_NUMBER_OBJECT_CONVERSION = YES_AGGRESSIVE;
				CLANG_CXX_LANGUAGE_STANDARD = "gnu++20";
				CLANG_ENABLE_MODULES = YES;
				CLANG_ENABLE_OBJC_ARC = YES;
				CLANG_ENABLE_OBJC_WEAK = YES;
				CLANG_WARN_BLOCK_CAPTURE_AUTORELEASING = YES;
				CLANG_WARN_BOOL_CONVERSION = YES;
				CLANG_WARN_COMMA = YES;
				CLANG_WARN_CONSTANT_CONVERSION = YES;
				CLANG_WARN_DEPRECATED_OBJC_IMPLEMENTATIONS = YES;
				CLANG_WARN_DIRECT_OBJC_ISA_USAGE = YES_ERROR;
				CLANG_WARN_DOCUMENTATION_COMMENTS = YES;
				CLANG_WARN_EMPTY_BODY = YES;
				CLANG_WARN_ENUM_CONVERSION = YES;
				CLANG_WARN_INFINITE_RECURSION = YES;
				CLANG_WARN_INT_CONVERSION = YES;
				CLANG_WARN_NON_LITERAL_NULL_CONVERSION = YES;
				CLANG_WARN_OBJC_IMPLICIT_RETAIN_SELF = YES;
				CLANG_WARN_OBJC_LITERAL_CONVERSION = YES;
				CLANG_WARN_OBJC_ROOT_CLASS = YES_ERROR;
				CLANG_WARN_QUOTED_INCLUDE_IN_FRAMEWORK_HEADER = YES;
				CLANG_WARN_RANGE_LOOP_ANALYSIS = YES;
				CLANG_WARN_STRICT_PROTOTYPES = YES;
				CLANG_WARN_SUSPICIOUS_MOVE = YES;
				CLANG_WARN_UNGUARDED_AVAILABILITY = YES_AGGRESSIVE;
				CLANG_WARN_UNREACHABLE_CODE = YES;
				CLANG_WARN__DUPLICATE_METHOD_MATCH = YES;
				COPY_PHASE_STRIP = NO;
				DEBUG_INFORMATION_FORMAT = "dwarf-with-dsym";
				ENABLE_NS_ASSERTIONS = NO;
				ENABLE_STRICT_OBJC_MSGSEND = YES;
				GCC_C_LANGUAGE_STANDARD = gnu11;
				GCC_NO_COMMON_BLOCKS = YES;
				GCC_WARN_64_TO_32_BIT_CONVERSION = YES;
				GCC_WARN_ABOUT_RETURN_TYPE = YES_ERROR;
				GCC_WARN_UNDECLARED_SELECTOR = YES;
				GCC_WARN_UNINITIALIZED_AUTOS = YES_AGGRESSIVE;
				GCC_WARN_UNUSED_FUNCTION = YES;
				GCC_WARN_UNUSED_VARIABLE = YES;
				IPHONEOS_DEPLOYMENT_TARGET = 12.0;
				MTL_ENABLE_DEBUG_INFO = NO;
				MTL_FAST_MATH = YES;
				SDKROOT = iphoneos;
				SWIFT_COMPILATION_MODE = wholemodule;
				SWIFT_OPTIMIZATION_LEVEL = "-O";
				VALIDATE_PRODUCT = YES;
			};
			name = Release;
		};
		B241B5822967087000E45D5E /* Debug */ = {
			isa = XCBuildConfiguration;
			buildSettings = {
				ASSETCATALOG_COMPILER_APPICON_NAME = AppIcon;
				ASSETCATALOG_COMPILER_GLOBAL_ACCENT_COLOR_NAME = AccentColor;
				CODE_SIGN_STYLE = Automatic;
				CURRENT_PROJECT_VERSION = 1;
				DEVELOPMENT_TEAM = ZX855577Y9;
				GENERATE_INFOPLIST_FILE = YES;
				INFOPLIST_FILE = FieldsTestTask/SupportingFiles/Info.plist;
				INFOPLIST_KEY_UIApplicationSupportsIndirectInputEvents = YES;
				INFOPLIST_KEY_UILaunchStoryboardName = LaunchScreen;
				INFOPLIST_KEY_UIMainStoryboardFile = "";
				INFOPLIST_KEY_UISupportedInterfaceOrientations = UIInterfaceOrientationPortrait;
				INFOPLIST_KEY_UISupportedInterfaceOrientations_iPad = "UIInterfaceOrientationLandscapeLeft UIInterfaceOrientationLandscapeRight UIInterfaceOrientationPortrait UIInterfaceOrientationPortraitUpsideDown";
				IPHONEOS_DEPLOYMENT_TARGET = 12.0;
				LD_RUNPATH_SEARCH_PATHS = (
					"$(inherited)",
					"@executable_path/Frameworks",
				);
				MARKETING_VERSION = 1.0;
				PRODUCT_BUNDLE_IDENTIFIER = Yuliya.FieldsTestTask;
				PRODUCT_NAME = "$(TARGET_NAME)";
				SUPPORTED_PLATFORMS = "iphoneos iphonesimulator";
				SUPPORTS_MACCATALYST = NO;
				SUPPORTS_MAC_DESIGNED_FOR_IPHONE_IPAD = NO;
				SWIFT_EMIT_LOC_STRINGS = YES;
				SWIFT_VERSION = 5.0;
				TARGETED_DEVICE_FAMILY = 1;
			};
			name = Debug;
		};
		B241B5832967087000E45D5E /* Release */ = {
			isa = XCBuildConfiguration;
			buildSettings = {
				ASSETCATALOG_COMPILER_APPICON_NAME = AppIcon;
				ASSETCATALOG_COMPILER_GLOBAL_ACCENT_COLOR_NAME = AccentColor;
				CODE_SIGN_STYLE = Automatic;
				CURRENT_PROJECT_VERSION = 1;
				DEVELOPMENT_TEAM = ZX855577Y9;
				GENERATE_INFOPLIST_FILE = YES;
				INFOPLIST_FILE = FieldsTestTask/SupportingFiles/Info.plist;
				INFOPLIST_KEY_UIApplicationSupportsIndirectInputEvents = YES;
				INFOPLIST_KEY_UILaunchStoryboardName = LaunchScreen;
				INFOPLIST_KEY_UIMainStoryboardFile = "";
				INFOPLIST_KEY_UISupportedInterfaceOrientations = UIInterfaceOrientationPortrait;
				INFOPLIST_KEY_UISupportedInterfaceOrientations_iPad = "UIInterfaceOrientationLandscapeLeft UIInterfaceOrientationLandscapeRight UIInterfaceOrientationPortrait UIInterfaceOrientationPortraitUpsideDown";
				IPHONEOS_DEPLOYMENT_TARGET = 12.0;
				LD_RUNPATH_SEARCH_PATHS = (
					"$(inherited)",
					"@executable_path/Frameworks",
				);
				MARKETING_VERSION = 1.0;
				PRODUCT_BUNDLE_IDENTIFIER = Yuliya.FieldsTestTask;
				PRODUCT_NAME = "$(TARGET_NAME)";
				SUPPORTED_PLATFORMS = "iphoneos iphonesimulator";
				SUPPORTS_MACCATALYST = NO;
				SUPPORTS_MAC_DESIGNED_FOR_IPHONE_IPAD = NO;
				SWIFT_EMIT_LOC_STRINGS = YES;
				SWIFT_VERSION = 5.0;
				TARGETED_DEVICE_FAMILY = 1;
			};
			name = Release;
		};
/* End XCBuildConfiguration section */

/* Begin XCConfigurationList section */
		B241B5682967086F00E45D5E /* Build configuration list for PBXProject "FieldsTestTask" */ = {
			isa = XCConfigurationList;
			buildConfigurations = (
				B241B57F2967087000E45D5E /* Debug */,
				B241B5802967087000E45D5E /* Release */,
			);
			defaultConfigurationIsVisible = 0;
			defaultConfigurationName = Release;
		};
		B241B5812967087000E45D5E /* Build configuration list for PBXNativeTarget "FieldsTestTask" */ = {
			isa = XCConfigurationList;
			buildConfigurations = (
				B241B5822967087000E45D5E /* Debug */,
				B241B5832967087000E45D5E /* Release */,
			);
			defaultConfigurationIsVisible = 0;
			defaultConfigurationName = Release;
		};
/* End XCConfigurationList section */
	};
	rootObject = B241B5652967086F00E45D5E /* Project object */;
}
